
Microsoft Visual Studio Solution File, Format Version 12.00
# Visual Studio 15
VisualStudioVersion = 15.0.28307.136
MinimumVisualStudioVersion = 10.0.40219.1
Project("{FAE04EC0-301F-11D3-BF4B-00C04F79EFBC}") = "FizzBuzz", "FizzBuzz\FizzBuzz.csproj", "{215E187D-8ABD-4634-98B1-0AEC98C0970C}"
EndProject
Project("{FAE04EC0-301F-11D3-BF4B-00C04F79EFBC}") = "FizzBuss.Library", "FizzBuss.Library\FizzBuss.Library.csproj", "{306803D2-2B92-4DCA-9863-4EAC67C561D5}"
EndProject
Project("{FAE04EC0-301F-11D3-BF4B-00C04F79EFBC}") = "FizzBuzz.Library.test", "FizzBuzz.Library.test\FizzBuzz.Library.test.csproj", "{31C6BA60-5267-4EC7-B5C0-78CE380A3401}"
EndProject
Global
	GlobalSection(SolutionConfigurationPlatforms) = preSolution
		Debug|Any CPU = Debug|Any CPU
		Release|Any CPU = Release|Any CPU
	EndGlobalSection
	GlobalSection(ProjectConfigurationPlatforms) = postSolution
		{215E187D-8ABD-4634-98B1-0AEC98C0970C}.Debug|Any CPU.ActiveCfg = Debug|Any CPU
		{215E187D-8ABD-4634-98B1-0AEC98C0970C}.Debug|Any CPU.Build.0 = Debug|Any CPU
		{215E187D-8ABD-4634-98B1-0AEC98C0970C}.Release|Any CPU.ActiveCfg = Release|Any CPU
		{215E187D-8ABD-4634-98B1-0AEC98C0970C}.Release|Any CPU.Build.0 = Release|Any CPU
		{306803D2-2B92-4DCA-9863-4EAC67C561D5}.Debug|Any CPU.ActiveCfg = Debug|Any CPU
		{306803D2-2B92-4DCA-9863-4EAC67C561D5}.Debug|Any CPU.Build.0 = Debug|Any CPU
		{306803D2-2B92-4DCA-9863-4EAC67C561D5}.Release|Any CPU.ActiveCfg = Release|Any CPU
		{306803D2-2B92-4DCA-9863-4EAC67C561D5}.Release|Any CPU.Build.0 = Release|Any CPU
		{31C6BA60-5267-4EC7-B5C0-78CE380A3401}.Debug|Any CPU.ActiveCfg = Debug|Any CPU
		{31C6BA60-5267-4EC7-B5C0-78CE380A3401}.Debug|Any CPU.Build.0 = Debug|Any CPU
		{31C6BA60-5267-4EC7-B5C0-78CE380A3401}.Release|Any CPU.ActiveCfg = Release|Any CPU
		{31C6BA60-5267-4EC7-B5C0-78CE380A3401}.Release|Any CPU.Build.0 = Release|Any CPU
	EndGlobalSection
	GlobalSection(SolutionProperties) = preSolution
		HideSolutionNode = FALSE
	EndGlobalSection
	GlobalSection(ExtensibilityGlobals) = postSolution
		SolutionGuid = {3561A9FD-1B87-4887-AC4C-BBD436C40444}
	EndGlobalSection
EndGlobal
